
Microsoft Visual Studio Solution File, Format Version 12.00
# Visual Studio Version 17
VisualStudioVersion = 17.14.36717.8 d17.14
MinimumVisualStudioVersion = 10.0.40219.1
Project("{FAE04EC0-301F-11D3-BF4B-00C04F79EFBC}") = "MyBlogApplication", "MyBlogApplication.csproj", "{F73FDBE2-B91A-4AFC-9455-C955BE5DB30C}"
EndProject
Global
	GlobalSection(SolutionConfigurationPlatforms) = preSolution
		Debug|Any CPU = Debug|Any CPU
		Release|Any CPU = Release|Any CPU
	EndGlobalSection
	GlobalSection(ProjectConfigurationPlatforms) = postSolution
		{F73FDBE2-B91A-4AFC-9455-C955BE5DB30C}.Debug|Any CPU.ActiveCfg = Debug|Any CPU
		{F73FDBE2-B91A-4AFC-9455-C955BE5DB30C}.Debug|Any CPU.Build.0 = Debug|Any CPU
		{F73FDBE2-B91A-4AFC-9455-C955BE5DB30C}.Release|Any CPU.ActiveCfg = Release|Any CPU
		{F73FDBE2-B91A-4AFC-9455-C955BE5DB30C}.Release|Any CPU.Build.0 = Release|Any CPU
	EndGlobalSection
	GlobalSection(SolutionProperties) = preSolution
		HideSolutionNode = FALSE
	EndGlobalSection
	GlobalSection(ExtensibilityGlobals) = postSolution
		SolutionGuid = {83A3B66A-981A-4AE5-92F9-7058948F7BC4}
	EndGlobalSection
EndGlobal
